
Microsoft Visual Studio Solution File, Format Version 12.00
# Visual Studio Version 17
VisualStudioVersion = 17.8.34330.188
MinimumVisualStudioVersion = 10.0.40219.1
Project("{FAE04EC0-301F-11D3-BF4B-00C04F79EFBC}") = "Phase1Section4.31", "Phase1Section4.31\Phase1Section4.31.csproj", "{30EB98C4-A071-4BE2-97BD-1B6F8B51662C}"
EndProject
Global
	GlobalSection(SolutionConfigurationPlatforms) = preSolution
		Debug|Any CPU = Debug|Any CPU
		Release|Any CPU = Release|Any CPU
	EndGlobalSection
	GlobalSection(ProjectConfigurationPlatforms) = postSolution
		{30EB98C4-A071-4BE2-97BD-1B6F8B51662C}.Debug|Any CPU.ActiveCfg = Debug|Any CPU
		{30EB98C4-A071-4BE2-97BD-1B6F8B51662C}.Debug|Any CPU.Build.0 = Debug|Any CPU
		{30EB98C4-A071-4BE2-97BD-1B6F8B51662C}.Release|Any CPU.ActiveCfg = Release|Any CPU
		{30EB98C4-A071-4BE2-97BD-1B6F8B51662C}.Release|Any CPU.Build.0 = Release|Any CPU
	EndGlobalSection
	GlobalSection(SolutionProperties) = preSolution
		HideSolutionNode = FALSE
	EndGlobalSection
	GlobalSection(ExtensibilityGlobals) = postSolution
		SolutionGuid = {EFFEB71C-28F0-4F06-B979-24F2381BD57F}
	EndGlobalSection
EndGlobal
